
Microsoft Visual Studio Solution File, Format Version 12.00
# Visual Studio Version 18
VisualStudioVersion = 18.0.11205.157
MinimumVisualStudioVersion = 10.0.40219.1
Project("{FAE04EC0-301F-11D3-BF4B-00C04F79EFBC}") = "MixItUp.WPF", "MixItUp.WPF\MixItUp.WPF.csproj", "{90395135-528E-4F2D-93D1-D822B32B5F80}"
EndProject
Project("{2150E333-8FDC-42A3-9474-1A3956D46DE8}") = "Desktop", "Desktop", "{3C89ACB2-D917-48C0-84FD-974FC6E17A89}"
EndProject
Project("{9A19103F-16F7-4668-BE54-9A1E7A4F7556}") = "MixItUp.Base", "MixItUp.Base\MixItUp.Base.csproj", "{0E494ACC-C46A-4DED-922B-FF378556BE8A}"
EndProject
Project("{FAE04EC0-301F-11D3-BF4B-00C04F79EFBC}") = "MixItUp.Installer", "MixItUp.Installer\MixItUp.Installer.csproj", "{F06E18C3-94D8-4388-8293-B7FD0F06038F}"
EndProject
Project("{FAE04EC0-301F-11D3-BF4B-00C04F79EFBC}") = "MixItUp.Reporter", "MixItUp.Reporter\MixItUp.Reporter.csproj", "{CE3896DC-CC98-42BA-9BF7-4073DCC6A393}"
EndProject
Project("{2150E333-8FDC-42A3-9474-1A3956D46DE8}") = "APIs", "APIs", "{51CC9FC3-AA4D-4CA5-86AC-BDEBC49B7AC7}"
EndProject
Project("{9A19103F-16F7-4668-BE54-9A1E7A4F7556}") = "MixItUp.API", "APIs\MixItUp.API\MixItUp.API.csproj", "{6EAD4AD5-3606-42B0-A2DA-13848A0D4076}"
EndProject
Project("{9A19103F-16F7-4668-BE54-9A1E7A4F7556}") = "MixItUp.SignalR.Client", "MixItUp.SignalR.Client\MixItUp.SignalR.Client.csproj", "{D2A5558C-73E9-4266-9959-1B0B61B4D3CD}"
EndProject
Project("{FAE04EC0-301F-11D3-BF4B-00C04F79EFBC}") = "MixItUp.Uninstaller", "MixItUp.Uninstaller\MixItUp.Uninstaller.csproj", "{36C2DC8E-A581-4299-BDAB-C6824A8F09AC}"
EndProject
Global
	GlobalSection(SolutionConfigurationPlatforms) = preSolution
		Debug|Any CPU = Debug|Any CPU
		Preview|Any CPU = Preview|Any CPU
		Public|Any CPU = Public|Any CPU
		Dev|Any CPU = Dev|Any CPU
	EndGlobalSection
	GlobalSection(ProjectConfigurationPlatforms) = postSolution
		{90395135-528E-4F2D-93D1-D822B32B5F80}.Debug|Any CPU.ActiveCfg = Debug|Any CPU
		{90395135-528E-4F2D-93D1-D822B32B5F80}.Debug|Any CPU.Build.0 = Debug|Any CPU
		{90395135-528E-4F2D-93D1-D822B32B5F80}.Preview|Any CPU.ActiveCfg = Preview|Any CPU
		{90395135-528E-4F2D-93D1-D822B32B5F80}.Preview|Any CPU.Build.0 = Preview|Any CPU
		{90395135-528E-4F2D-93D1-D822B32B5F80}.Public|Any CPU.ActiveCfg = Public|Any CPU
		{90395135-528E-4F2D-93D1-D822B32B5F80}.Public|Any CPU.Build.0 = Public|Any CPU
		{90395135-528E-4F2D-93D1-D822B32B5F80}.Dev|Any CPU.ActiveCfg = Dev|Any CPU
		{90395135-528E-4F2D-93D1-D822B32B5F80}.Dev|Any CPU.Build.0 = Dev|Any CPU
		{0E494ACC-C46A-4DED-922B-FF378556BE8A}.Debug|Any CPU.ActiveCfg = Debug|Any CPU
		{0E494ACC-C46A-4DED-922B-FF378556BE8A}.Debug|Any CPU.Build.0 = Debug|Any CPU
		{0E494ACC-C46A-4DED-922B-FF378556BE8A}.Preview|Any CPU.ActiveCfg = Preview|Any CPU
		{0E494ACC-C46A-4DED-922B-FF378556BE8A}.Preview|Any CPU.Build.0 = Preview|Any CPU
		{0E494ACC-C46A-4DED-922B-FF378556BE8A}.Public|Any CPU.ActiveCfg = Public|Any CPU
		{0E494ACC-C46A-4DED-922B-FF378556BE8A}.Public|Any CPU.Build.0 = Public|Any CPU
		{0E494ACC-C46A-4DED-922B-FF378556BE8A}.Dev|Any CPU.ActiveCfg = Dev|Any CPU
		{0E494ACC-C46A-4DED-922B-FF378556BE8A}.Dev|Any CPU.Build.0 = Dev|Any CPU
		{F06E18C3-94D8-4388-8293-B7FD0F06038F}.Debug|Any CPU.ActiveCfg = Debug|Any CPU
		{F06E18C3-94D8-4388-8293-B7FD0F06038F}.Debug|Any CPU.Build.0 = Debug|Any CPU
		{F06E18C3-94D8-4388-8293-B7FD0F06038F}.Preview|Any CPU.ActiveCfg = Preview|Any CPU
		{F06E18C3-94D8-4388-8293-B7FD0F06038F}.Preview|Any CPU.Build.0 = Preview|Any CPU
		{F06E18C3-94D8-4388-8293-B7FD0F06038F}.Public|Any CPU.ActiveCfg = Public|Any CPU
		{F06E18C3-94D8-4388-8293-B7FD0F06038F}.Public|Any CPU.Build.0 = Public|Any CPU
		{F06E18C3-94D8-4388-8293-B7FD0F06038F}.Dev|Any CPU.ActiveCfg = Dev|Any CPU
		{F06E18C3-94D8-4388-8293-B7FD0F06038F}.Dev|Any CPU.Build.0 = Dev|Any CPU
		{CE3896DC-CC98-42BA-9BF7-4073DCC6A393}.Debug|Any CPU.ActiveCfg = Debug|Any CPU
		{CE3896DC-CC98-42BA-9BF7-4073DCC6A393}.Debug|Any CPU.Build.0 = Debug|Any CPU
		{CE3896DC-CC98-42BA-9BF7-4073DCC6A393}.Preview|Any CPU.ActiveCfg = Preview|Any CPU
		{CE3896DC-CC98-42BA-9BF7-4073DCC6A393}.Preview|Any CPU.Build.0 = Preview|Any CPU
		{CE3896DC-CC98-42BA-9BF7-4073DCC6A393}.Public|Any CPU.ActiveCfg = Public|Any CPU
		{CE3896DC-CC98-42BA-9BF7-4073DCC6A393}.Public|Any CPU.Build.0 = Public|Any CPU
		{CE3896DC-CC98-42BA-9BF7-4073DCC6A393}.Dev|Any CPU.ActiveCfg = Dev|Any CPU
		{CE3896DC-CC98-42BA-9BF7-4073DCC6A393}.Dev|Any CPU.Build.0 = Dev|Any CPU
		{6EAD4AD5-3606-42B0-A2DA-13848A0D4076}.Debug|Any CPU.ActiveCfg = Debug|Any CPU
		{6EAD4AD5-3606-42B0-A2DA-13848A0D4076}.Debug|Any CPU.Build.0 = Debug|Any CPU
		{6EAD4AD5-3606-42B0-A2DA-13848A0D4076}.Preview|Any CPU.ActiveCfg = Preview|Any CPU
		{6EAD4AD5-3606-42B0-A2DA-13848A0D4076}.Preview|Any CPU.Build.0 = Preview|Any CPU
		{6EAD4AD5-3606-42B0-A2DA-13848A0D4076}.Public|Any CPU.ActiveCfg = Public|Any CPU
		{6EAD4AD5-3606-42B0-A2DA-13848A0D4076}.Public|Any CPU.Build.0 = Public|Any CPU
		{6EAD4AD5-3606-42B0-A2DA-13848A0D4076}.Dev|Any CPU.ActiveCfg = Dev|Any CPU
		{6EAD4AD5-3606-42B0-A2DA-13848A0D4076}.Dev|Any CPU.Build.0 = Dev|Any CPU
		{D2A5558C-73E9-4266-9959-1B0B61B4D3CD}.Debug|Any CPU.ActiveCfg = Debug|Any CPU
		{D2A5558C-73E9-4266-9959-1B0B61B4D3CD}.Debug|Any CPU.Build.0 = Debug|Any CPU
		{D2A5558C-73E9-4266-9959-1B0B61B4D3CD}.Preview|Any CPU.ActiveCfg = Preview|Any CPU
		{D2A5558C-73E9-4266-9959-1B0B61B4D3CD}.Preview|Any CPU.Build.0 = Preview|Any CPU
		{D2A5558C-73E9-4266-9959-1B0B61B4D3CD}.Public|Any CPU.ActiveCfg = Public|Any CPU
		{D2A5558C-73E9-4266-9959-1B0B61B4D3CD}.Public|Any CPU.Build.0 = Public|Any CPU
		{D2A5558C-73E9-4266-9959-1B0B61B4D3CD}.Dev|Any CPU.ActiveCfg = Dev|Any CPU
		{D2A5558C-73E9-4266-9959-1B0B61B4D3CD}.Dev|Any CPU.Build.0 = Dev|Any CPU
		{36C2DC8E-A581-4299-BDAB-C6824A8F09AC}.Debug|Any CPU.ActiveCfg = Debug|Any CPU
		{36C2DC8E-A581-4299-BDAB-C6824A8F09AC}.Debug|Any CPU.Build.0 = Debug|Any CPU
		{36C2DC8E-A581-4299-BDAB-C6824A8F09AC}.Preview|Any CPU.ActiveCfg = Preview|Any CPU
		{36C2DC8E-A581-4299-BDAB-C6824A8F09AC}.Preview|Any CPU.Build.0 = Preview|Any CPU
		{36C2DC8E-A581-4299-BDAB-C6824A8F09AC}.Public|Any CPU.ActiveCfg = Public|Any CPU
		{36C2DC8E-A581-4299-BDAB-C6824A8F09AC}.Public|Any CPU.Build.0 = Public|Any CPU
		{36C2DC8E-A581-4299-BDAB-C6824A8F09AC}.Dev|Any CPU.ActiveCfg = Dev|Any CPU
		{36C2DC8E-A581-4299-BDAB-C6824A8F09AC}.Dev|Any CPU.Build.0 = Dev|Any CPU
	EndGlobalSection
	GlobalSection(SolutionProperties) = preSolution
		HideSolutionNode = FALSE
	EndGlobalSection
	GlobalSection(NestedProjects) = preSolution
		{90395135-528E-4F2D-93D1-D822B32B5F80} = {3C89ACB2-D917-48C0-84FD-974FC6E17A89}
		{F06E18C3-94D8-4388-8293-B7FD0F06038F} = {3C89ACB2-D917-48C0-84FD-974FC6E17A89}
		{CE3896DC-CC98-42BA-9BF7-4073DCC6A393} = {3C89ACB2-D917-48C0-84FD-974FC6E17A89}
		{6EAD4AD5-3606-42B0-A2DA-13848A0D4076} = {51CC9FC3-AA4D-4CA5-86AC-BDEBC49B7AC7}
		{36C2DC8E-A581-4299-BDAB-C6824A8F09AC} = {3C89ACB2-D917-48C0-84FD-974FC6E17A89}
	EndGlobalSection
	GlobalSection(ExtensibilityGlobals) = postSolution
		SolutionGuid = {56FA5777-5A3B-4E2B-B0A5-8EA45A5251F6}
	EndGlobalSection
EndGlobal
